github.com/BurntSushi/toml v0.3.1 h1:WXkYYl6Yr3qBf1K79EBnL4mak0OimBfB0XUf9Vl28OQ=
github.com/BurntSushi/toml v0.3.1/go.mod h1:xHWCNGjB5oqiDr8zfno3MHue2Ht5sIBksp03qcyfWMU=
github.com/dhowden/tag v0.0.0-20191122115059-7e5c04feccd8 h1:nmFnmD8VZXkjDHIb1Gnfz50cgzUvGN72zLjPRXBW/hU=
github.com/dhowden/tag v0.0.0-20191122115059-7e5c04feccd8/go.mod h1:SniNVYuaD1jmdEEvi+7ywb1QFR7agjeTdGKyFb0p7Rw=
github.com/disintegration/imaging v1.6.2 h1:w1LecBlG2Lnp8B3jk5zSuNqd7b4DXhcjwek1ei82L+c=
github.com/disintegration/imaging v1.6.2/go.mod h1:44/5580QXChDfwIclfc/PCwrr44amcmDAg8hxG0Ewe4=
github.com/eknkc/amber v0.0.0-20171010120322-cdade1c07385/go.mod h1:0vRUJqYpeSZifjYj7uP3BG/gKcuzL9xWVV/Y+cK33KM=
github.com/go-chi/chi v4.0.3+incompatible h1:gakN3pDJnzZN5jqFV2TEdF66rTfKeITyR8qu6ekICEY=
github.com/go-chi/chi v4.0.3+incompatible/go.mod h1:eB3wogJHnLi3x/kFX2A+IbTBlXxmMeXJVKy9tTv1XzQ=
github.com/go-chi/cors v1.0.0 h1:e6x8k7uWbUwYs+aXDoiUzeQFT6l0cygBYyNhD7/1Tg0=
github.com/go-chi/cors v1.0.0/go.mod h1:K2Yje0VW/SJzxiyMYu6iPQYa7hMjQX2i/F491VChg1I=
github.com/jinzhu/configor v1.1.1 h1:gntDP+ffGhs7aJ0u8JvjCDts2OsxsI7bnz3q+jC+hSY=
github.com/jinzhu/configor v1.1.1/go.mod h1:nX89/MOmDba7ZX7GCyU/VIaQ2Ar2aizBl2d3JLF/rDc=
github.com/rwcarlsen/goexif v0.0.0-20190401172101-9e8deecbddbd h1:CmH9+J6ZSsIjUK3dcGsnCnO41eRBOnY12zwkn5qVwgc=
github.com/rwcarlsen/goexif v0.0.0-20190401172101-9e8deecbddbd/go.mod h1:hPqNNc0+uJM6H+SuU8sEs5K5IQeKccPqeSjfgcKGgPk=
github.com/unrolled/render v1.0.2 h1:dGS3EmChQP3yOi1YeFNO/Dx+MbWZhdvhQJTXochM5bs=
github.com/unrolled/render v1.0.2/go.mod h1:gN9T0NhL4Bfbwu8ann7Ry/TGHYfosul+J0obPf6NBdM=
github.com/xbsoftware/wfs v0.0.0-20200225154622-fe508a916a08 h1:6Y6OuzYvbxDtNb1npEeLxvrZ9A4ziQzq2PdHBN81Fl0=
github.com/xbsoftware/wfs v0.0.0-20200225154622-fe508a916a08/go.mod h1:nGbh7QPB+WAj/YH73KjjI5fP0z7PdemEy6tBoGs8Pw0=
github.com/xbsoftware/wfs v0.0.0-20200415084329-015f0517f791 h1:gZO2n09jCHpRj+tHAE8bGOHLcyzlNRhw9WfTjcAy0X8=
github.com/xbsoftware/wfs v0.0.0-20200415084329-015f0517f791/go.mod h1:nGbh7QPB+WAj/YH73KjjI5fP0z7PdemEy6tBoGs8Pw0=
github.com/xbsoftware/wfs-local v0.0.0-20200225155528-1373c5520e98 h1:+weV5qtDzWhMExiKG/URFMcX1pGvVMjjnxblPxAhRbE=
github.com/xbsoftware/wfs-local v0.0.0-20200225155528-1373c5520e98/go.mod h1:0XE+PEo/NS02lxhz80fK2hXNaCogD5Eh/4mx2wXjtFw=
github.com/xbsoftware/wfs-local v0.0.0-20200415083253-3d2b31dddc56 h1:60EC3Lluyg0ovNo60cOcrXsvh0Zbl4sawpN9E/xG9v8=
github.com/xbsoftware/wfs-local v0.0.0-20200415083253-3d2b31dddc56/go.mod h1:0XE+PEo/NS02lxhz80fK2hXNaCogD5Eh/4mx2wXjtFw=
golang.org/x/image v0.0.0-20191009234506-e7c1f5e7dbb8 h1:hVwzHzIUGRjiF7EcUjqNxk3NCfkPxbDKRdnNE1Rpg0U=
golang.org/x/image v0.0.0-20191009234506-e7c1f5e7dbb8/go.mod h1:FeLwcggjj3mMvU+oOTbSwawSJRM1uh48EjtB4UJZlP0=
golang.org/x/net v0.0.0-20200324143707-d3edc9973b7e h1:3G+cUijn7XD+S4eJFddp53Pv7+slrESplyjG25HgL+k=
golang.org/x/net v0.0.0-20200324143707-d3edc9973b7e/go.mod h1:qpuaurCH72eLCgpAm/N6yyVIVM9cpaDIP3A8BGJEC5A=
golang.org/x/sys v0.0.0-20190215142949-d0b11bdaac8a/go.mod h1:STP8DvDyc/dI5b8T5hshtkjS+E42TnysNCUPdjciGhY=
golang.org/x/sys v0.0.0-20200323222414-85ca7c5b95cd/go.mod h1:h1NjWce9XRLGQEsW7wpKNCjG9DtNlClVuFLEZdDNbEs=
golang.org/x/text v0.3.0 h1:g61tztE5qeGQ89tm6NTjjM9VPIm088od1l6aSorWRWg=
golang.org/x/text v0.3.0/go.mod h1:NqM8EUOU14njkJ3fqMW+pc6Ldnwhi/IjpwHt7yyuwOQ=
gopkg.in/check.v1 v0.0.0-20161208181325-20d25e280405/go.mod h1:Co6ibVJAznAaIkqp8huTwlJQCZ016jof/cbN4VW5Yz0=
gopkg.in/yaml.v2 v2.2.2 h1:ZCJp+EgiOT7lHqUV2J862kp8Qj64Jo6az82+3Td9dZw=
gopkg.in/yaml.v2 v2.2.2/go.mod h1:hI93XBmqTisBFMUTm0b8Fm+jr3Dg1NNxqwp+5A1VGuI=
